
Microsoft Visual Studio Solution File, Format Version 12.00
# Visual Studio Version 16
VisualStudioVersion = 16.0.31911.196
MinimumVisualStudioVersion = 10.0.40219.1
Project("{FAE04EC0-301F-11D3-BF4B-00C04F79EFBC}") = "AzureKeyvaultNetMvc", "AzureKeyvaultNetMvc\AzureKeyvaultNetMvc.csproj", "{58D27CB1-F25C-4556-83BD-79D4ACD1427F}"
EndProject
Global
	GlobalSection(SolutionConfigurationPlatforms) = preSolution
		Debug|Any CPU = Debug|Any CPU
		Release|Any CPU = Release|Any CPU
	EndGlobalSection
	GlobalSection(ProjectConfigurationPlatforms) = postSolution
		{58D27CB1-F25C-4556-83BD-79D4ACD1427F}.Debug|Any CPU.ActiveCfg = Debug|Any CPU
		{58D27CB1-F25C-4556-83BD-79D4ACD1427F}.Debug|Any CPU.Build.0 = Debug|Any CPU
		{58D27CB1-F25C-4556-83BD-79D4ACD1427F}.Release|Any CPU.ActiveCfg = Release|Any CPU
		{58D27CB1-F25C-4556-83BD-79D4ACD1427F}.Release|Any CPU.Build.0 = Release|Any CPU
	EndGlobalSection
	GlobalSection(SolutionProperties) = preSolution
		HideSolutionNode = FALSE
	EndGlobalSection
	GlobalSection(ExtensibilityGlobals) = postSolution
		SolutionGuid = {8FF84483-328D-4938-8237-B42068DC680C}
	EndGlobalSection
EndGlobal
